
Microsoft Visual Studio Solution File, Format Version 12.00
# Visual Studio 15
VisualStudioVersion = 15.0.27130.2026
MinimumVisualStudioVersion = 10.0.40219.1
Project("{8BC9CEB8-8B4A-11D0-8D11-00A0C91BC942}") = "ItsAGame", "ItsAGame\ItsAGame.vcxproj", "{3A590869-5A28-4F32-9ADC-C56528F63F3C}"
EndProject
Global
	GlobalSection(SolutionConfigurationPlatforms) = preSolution
		Debug|x64 = Debug|x64
		Debug|x86 = Debug|x86
		Release|x64 = Release|x64
		Release|x86 = Release|x86
	EndGlobalSection
	GlobalSection(ProjectConfigurationPlatforms) = postSolution
		{3A590869-5A28-4F32-9ADC-C56528F63F3C}.Debug|x64.ActiveCfg = Debug|x64
		{3A590869-5A28-4F32-9ADC-C56528F63F3C}.Debug|x64.Build.0 = Debug|x64
		{3A590869-5A28-4F32-9ADC-C56528F63F3C}.Debug|x86.ActiveCfg = Debug|Win32
		{3A590869-5A28-4F32-9ADC-C56528F63F3C}.Debug|x86.Build.0 = Debug|Win32
		{3A590869-5A28-4F32-9ADC-C56528F63F3C}.Release|x64.ActiveCfg = Release|x64
		{3A590869-5A28-4F32-9ADC-C56528F63F3C}.Release|x64.Build.0 = Release|x64
		{3A590869-5A28-4F32-9ADC-C56528F63F3C}.Release|x86.ActiveCfg = Release|Win32
		{3A590869-5A28-4F32-9ADC-C56528F63F3C}.Release|x86.Build.0 = Release|Win32
	EndGlobalSection
	GlobalSection(SolutionProperties) = preSolution
		HideSolutionNode = FALSE
	EndGlobalSection
	GlobalSection(ExtensibilityGlobals) = postSolution
		SolutionGuid = {AE5945D4-1A2B-4C99-B6F6-4916A0F9AFCF}
	EndGlobalSection
EndGlobal
